// !$*UTF8*$!
{
	archiveVersion = 1;
	classes = {
	};
	objectVersion = 46;
	objects = {

/* Begin PBXBuildFile section */
		00FC4A321B7359D700DCA999 /* MASExampleDistributeView.m in Sources */ = {isa = PBXBuildFile; fileRef = 00FC4A311B7359D700DCA999 /* MASExampleDistributeView.m */; };
		114413091924B6EE008E702E /* Default-568h@2x.png in Resources */ = {isa = PBXBuildFile; fileRef = 114413081924B6EE008E702E /* Default-568h@2x.png */; };
		27A27D461A6CF0C400D34F52 /* MASExampleAspectFitView.m in Sources */ = {isa = PBXBuildFile; fileRef = 27A27D451A6CF0C400D34F52 /* MASExampleAspectFitView.m */; };
		3C02224919D0C4EC00507321 /* Images.xcassets in Resources */ = {isa = PBXBuildFile; fileRef = 3C02224819D0C4EC00507321 /* Images.xcassets */; };
		3DB1CAD5184538E200E91FC5 /* MASExampleArrayView.m in Sources */ = {isa = PBXBuildFile; fileRef = 3DB1CAD4184538E200E91FC5 /* MASExampleArrayView.m */; };
		44C0E6AF1A9B9C55003C70CF /* MASExampleMarginView.m in Sources */ = {isa = PBXBuildFile; fileRef = 44C0E6AE1A9B9C55003C70CF /* MASExampleMarginView.m */; };
		4BEB55B61957394E008C862B /* MASExampleRemakeView.m in Sources */ = {isa = PBXBuildFile; fileRef = 4BEB55B51957394E008C862B /* MASExampleRemakeView.m */; };
		6C87DADA5AB046D9A3181A65 /* libPods-Masonry iOS Examples.a in Frameworks */ = {isa = PBXBuildFile; fileRef = BDC1B8303EED42A2B01B94B1 /* libPods-Masonry iOS Examples.a */; };
		A42EB5821F46B3E8005B352B /* homepage_icon_fast@2x.png in Resources */ = {isa = PBXBuildFile; fileRef = A42EB5811F46B3E8005B352B /* homepage_icon_fast@2x.png */; };
		A42EB5841F46B3ED005B352B /* homepage_icon_fast@3x.png in Resources */ = {isa = PBXBuildFile; fileRef = A42EB5831F46B3ED005B352B /* homepage_icon_fast@3x.png */; };
		A42EB5881F46BA8D005B352B /* FLXImageLabel.m in Sources */ = {isa = PBXBuildFile; fileRef = A42EB5871F46BA8D005B352B /* FLXImageLabel.m */; };
		A42EB58B1F46C170005B352B /* FLXRowView.m in Sources */ = {isa = PBXBuildFile; fileRef = A42EB58A1F46C170005B352B /* FLXRowView.m */; };
		A42EB5941F46D85C005B352B /* ADView.m in Sources */ = {isa = PBXBuildFile; fileRef = A42EB58F1F46D85C005B352B /* ADView.m */; };
		A42EB5951F46D85C005B352B /* FLLoopScrollView.m in Sources */ = {isa = PBXBuildFile; fileRef = A42EB5911F46D85C005B352B /* FLLoopScrollView.m */; };
		A42EB5961F46D85C005B352B /* iCarousel.m in Sources */ = {isa = PBXBuildFile; fileRef = A42EB5931F46D85C005B352B /* iCarousel.m */; };
		A42EB5991F46D8CA005B352B /* UIColor+Theme.m in Sources */ = {isa = PBXBuildFile; fileRef = A42EB5981F46D8CA005B352B /* UIColor+Theme.m */; };
		A42EB59C1F46DAD9005B352B /* FLXScrollView.m in Sources */ = {isa = PBXBuildFile; fileRef = A42EB59B1F46DAD9005B352B /* FLXScrollView.m */; };
		A46C80901F1F024100587427 /* FDGapLayoutGuide.m in Sources */ = {isa = PBXBuildFile; fileRef = A46C80811F1F024100587427 /* FDGapLayoutGuide.m */; };
		A46C80911F1F024100587427 /* FDLayoutSpacer.m in Sources */ = {isa = PBXBuildFile; fileRef = A46C80831F1F024100587427 /* FDLayoutSpacer.m */; };
		A46C80921F1F024100587427 /* FDStackView.m in Sources */ = {isa = PBXBuildFile; fileRef = A46C80851F1F024100587427 /* FDStackView.m */; };
		A46C80931F1F024100587427 /* FDStackViewAlignmentLayoutArrangement.m in Sources */ = {isa = PBXBuildFile; fileRef = A46C80871F1F024100587427 /* FDStackViewAlignmentLayoutArrangement.m */; };
		A46C80941F1F024100587427 /* FDStackViewDistributionLayoutArrangement.m in Sources */ = {isa = PBXBuildFile; fileRef = A46C80891F1F024100587427 /* FDStackViewDistributionLayoutArrangement.m */; };
		A46C80951F1F024100587427 /* FDStackViewExtensions.m in Sources */ = {isa = PBXBuildFile; fileRef = A46C808B1F1F024100587427 /* FDStackViewExtensions.m */; };
		A46C80961F1F024100587427 /* FDStackViewLayoutArrangement.m in Sources */ = {isa = PBXBuildFile; fileRef = A46C808D1F1F024100587427 /* FDStackViewLayoutArrangement.m */; };
		A46C80971F1F024100587427 /* FDTransformLayer.m in Sources */ = {isa = PBXBuildFile; fileRef = A46C808F1F1F024100587427 /* FDTransformLayer.m */; };
		A48AE1271F2218E1008CAD40 /* TPKeyboardAvoidingCollectionView.m in Sources */ = {isa = PBXBuildFile; fileRef = A48AE1201F2218E1008CAD40 /* TPKeyboardAvoidingCollectionView.m */; };
		A48AE1281F2218E1008CAD40 /* TPKeyboardAvoidingScrollView.m in Sources */ = {isa = PBXBuildFile; fileRef = A48AE1221F2218E1008CAD40 /* TPKeyboardAvoidingScrollView.m */; };
		A48AE1291F2218E1008CAD40 /* TPKeyboardAvoidingTableView.m in Sources */ = {isa = PBXBuildFile; fileRef = A48AE1241F2218E1008CAD40 /* TPKeyboardAvoidingTableView.m */; };
		A48AE12A1F2218E1008CAD40 /* UIScrollView+TPKeyboardAvoidingAdditions.m in Sources */ = {isa = PBXBuildFile; fileRef = A48AE1261F2218E1008CAD40 /* UIScrollView+TPKeyboardAvoidingAdditions.m */; };
		DD175E6A182639FB0099129A /* MASExampleUpdateView.m in Sources */ = {isa = PBXBuildFile; fileRef = DD175E69182639FB0099129A /* MASExampleUpdateView.m */; };
		DD32C3FD18E8BFF6001F6AD2 /* MASExampleAttributeChainingView.m in Sources */ = {isa = PBXBuildFile; fileRef = DD32C3FC18E8BFF6001F6AD2 /* MASExampleAttributeChainingView.m */; };
		DD52F22B179CAD57005CD195 /* UIKit.framework in Frameworks */ = {isa = PBXBuildFile; fileRef = DD52F22A179CAD57005CD195 /* UIKit.framework */; };
		DD52F22D179CAD57005CD195 /* Foundation.framework in Frameworks */ = {isa = PBXBuildFile; fileRef = DD52F22C179CAD57005CD195 /* Foundation.framework */; };
		DD52F22F179CAD57005CD195 /* CoreGraphics.framework in Frameworks */ = {isa = PBXBuildFile; fileRef = DD52F22E179CAD57005CD195 /* CoreGraphics.framework */; };
		DD52F235179CAD57005CD195 /* InfoPlist.strings in Resources */ = {isa = PBXBuildFile; fileRef = DD52F233179CAD57005CD195 /* InfoPlist.strings */; };
		DD52F237179CAD57005CD195 /* main.m in Sources */ = {isa = PBXBuildFile; fileRef = DD52F236179CAD57005CD195 /* main.m */; };
		DD52F23B179CAD57005CD195 /* MASAppDelegate.m in Sources */ = {isa = PBXBuildFile; fileRef = DD52F23A179CAD57005CD195 /* MASAppDelegate.m */; };
		DD52F251179CADC0005CD195 /* MASExampleBasicView.m in Sources */ = {isa = PBXBuildFile; fileRef = DD52F248179CADC0005CD195 /* MASExampleBasicView.m */; };
		DD52F252179CADC0005CD195 /* MASExampleConstantsView.m in Sources */ = {isa = PBXBuildFile; fileRef = DD52F24A179CADC0005CD195 /* MASExampleConstantsView.m */; };
		DD52F253179CADC0005CD195 /* MASExampleListViewController.m in Sources */ = {isa = PBXBuildFile; fileRef = DD52F24C179CADC0005CD195 /* MASExampleListViewController.m */; };
		DD52F254179CADC0005CD195 /* MASExampleSidesView.m in Sources */ = {isa = PBXBuildFile; fileRef = DD52F24E179CADC0005CD195 /* MASExampleSidesView.m */; };
		DD52F255179CADC0005CD195 /* MASExampleViewController.m in Sources */ = {isa = PBXBuildFile; fileRef = DD52F250179CADC0005CD195 /* MASExampleViewController.m */; };
		DD653E4A1843E61500D1EC5A /* MASExampleLayoutGuideViewController.m in Sources */ = {isa = PBXBuildFile; fileRef = DD653E491843E61500D1EC5A /* MASExampleLayoutGuideViewController.m */; };
		DD7CC17617ACE990007A469E /* MASExampleDebuggingView.m in Sources */ = {isa = PBXBuildFile; fileRef = DD7CC17517ACE990007A469E /* MASExampleDebuggingView.m */; };
		DD9B4D35183CC980002BF408 /* MASExampleScrollView.m in Sources */ = {isa = PBXBuildFile; fileRef = DD9B4D34183CC980002BF408 /* MASExampleScrollView.m */; };
		DDDF60CC181915E300BF7B8B /* MASExampleLabelView.m in Sources */ = {isa = PBXBuildFile; fileRef = DDDF60CB181915E300BF7B8B /* MASExampleLabelView.m */; };
		DDF3875C179D648D00178773 /* MASExampleAnimatedView.m in Sources */ = {isa = PBXBuildFile; fileRef = DDF3875B179D648D00178773 /* MASExampleAnimatedView.m */; };
/* End PBXBuildFile section */

/* Begin PBXFileReference section */
		00FC4A301B7359D700DCA999 /* MASExampleDistributeView.h */ = {isa = PBXFileReference; fileEncoding = 4; lastKnownFileType = sourcecode.c.h; path = MASExampleDistributeView.h; sourceTree = "<group>"; };
		00FC4A311B7359D700DCA999 /* MASExampleDistributeView.m */ = {isa = PBXFileReference; fileEncoding = 4; lastKnownFileType = sourcecode.c.objc; path = MASExampleDistributeView.m; sourceTree = "<group>"; };
		114413081924B6EE008E702E /* Default-568h@2x.png */ = {isa = PBXFileReference; lastKnownFileType = image.png; path = "Default-568h@2x.png"; sourceTree = "<group>"; };
		27A27D441A6CF0C400D34F52 /* MASExampleAspectFitView.h */ = {isa = PBXFileReference; fileEncoding = 4; lastKnownFileType = sourcecode.c.h; path = MASExampleAspectFitView.h; sourceTree = "<group>"; };
		27A27D451A6CF0C400D34F52 /* MASExampleAspectFitView.m */ = {isa = PBXFileReference; fileEncoding = 4; lastKnownFileType = sourcecode.c.objc; path = MASExampleAspectFitView.m; sourceTree = "<group>"; };
		321AA59CF7B045B6D503D2E5 /* Pods-Masonry iOS Examples.release.xcconfig */ = {isa = PBXFileReference; includeInIndex = 1; lastKnownFileType = text.xcconfig; name = "Pods-Masonry iOS Examples.release.xcconfig"; path = "../Pods/Target Support Files/Pods-Masonry iOS Examples/Pods-Masonry iOS Examples.release.xcconfig"; sourceTree = "<group>"; };
		3C02224819D0C4EC00507321 /* Images.xcassets */ = {isa = PBXFileReference; lastKnownFileType = folder.assetcatalog; path = Images.xcassets; sourceTree = "<group>"; };
		3DB1CAD3184538E200E91FC5 /* MASExampleArrayView.h */ = {isa = PBXFileReference; fileEncoding = 4; lastKnownFileType = sourcecode.c.h; path = MASExampleArrayView.h; sourceTree = "<group>"; };
		3DB1CAD4184538E200E91FC5 /* MASExampleArrayView.m */ = {isa = PBXFileReference; fileEncoding = 4; lastKnownFileType = sourcecode.c.objc; path = MASExampleArrayView.m; sourceTree = "<group>"; };
		44C0E6AD1A9B9C55003C70CF /* MASExampleMarginView.h */ = {isa = PBXFileReference; fileEncoding = 4; lastKnownFileType = sourcecode.c.h; path = MASExampleMarginView.h; sourceTree = "<group>"; };
		44C0E6AE1A9B9C55003C70CF /* MASExampleMarginView.m */ = {isa = PBXFileReference; fileEncoding = 4; lastKnownFileType = sourcecode.c.objc; path = MASExampleMarginView.m; sourceTree = "<group>"; };
		4BEB55B41957394E008C862B /* MASExampleRemakeView.h */ = {isa = PBXFileReference; fileEncoding = 4; lastKnownFileType = sourcecode.c.h; path = MASExampleRemakeView.h; sourceTree = "<group>"; };
		4BEB55B51957394E008C862B /* MASExampleRemakeView.m */ = {isa = PBXFileReference; fileEncoding = 4; lastKnownFileType = sourcecode.c.objc; path = MASExampleRemakeView.m; sourceTree = "<group>"; };
		50B25D0621957AEB87C3FCC2 /* Pods-Masonry iOS Examples.debug.xcconfig */ = {isa = PBXFileReference; includeInIndex = 1; lastKnownFileType = text.xcconfig; name = "Pods-Masonry iOS Examples.debug.xcconfig"; path = "../Pods/Target Support Files/Pods-Masonry iOS Examples/Pods-Masonry iOS Examples.debug.xcconfig"; sourceTree = "<group>"; };
		A42EB5811F46B3E8005B352B /* homepage_icon_fast@2x.png */ = {isa = PBXFileReference; lastKnownFileType = image.png; path = "homepage_icon_fast@2x.png"; sourceTree = "<group>"; };
		A42EB5831F46B3ED005B352B /* homepage_icon_fast@3x.png */ = {isa = PBXFileReference; lastKnownFileType = image.png; path = "homepage_icon_fast@3x.png"; sourceTree = "<group>"; };
		A42EB5861F46BA8D005B352B /* FLXImageLabel.h */ = {isa = PBXFileReference; fileEncoding = 4; lastKnownFileType = sourcecode.c.h; path = FLXImageLabel.h; sourceTree = "<group>"; };
		A42EB5871F46BA8D005B352B /* FLXImageLabel.m */ = {isa = PBXFileReference; fileEncoding = 4; lastKnownFileType = sourcecode.c.objc; path = FLXImageLabel.m; sourceTree = "<group>"; };
		A42EB5891F46C170005B352B /* FLXRowView.h */ = {isa = PBXFileReference; fileEncoding = 4; lastKnownFileType = sourcecode.c.h; path = FLXRowView.h; sourceTree = "<group>"; };
		A42EB58A1F46C170005B352B /* FLXRowView.m */ = {isa = PBXFileReference; fileEncoding = 4; lastKnownFileType = sourcecode.c.objc; path = FLXRowView.m; sourceTree = "<group>"; };
		A42EB58E1F46D85C005B352B /* ADView.h */ = {isa = PBXFileReference; fileEncoding = 4; lastKnownFileType = sourcecode.c.h; path = ADView.h; sourceTree = "<group>"; };
		A42EB58F1F46D85C005B352B /* ADView.m */ = {isa = PBXFileReference; fileEncoding = 4; lastKnownFileType = sourcecode.c.objc; path = ADView.m; sourceTree = "<group>"; };
		A42EB5901F46D85C005B352B /* FLLoopScrollView.h */ = {isa = PBXFileReference; fileEncoding = 4; lastKnownFileType = sourcecode.c.h; path = FLLoopScrollView.h; sourceTree = "<group>"; };
		A42EB5911F46D85C005B352B /* FLLoopScrollView.m */ = {isa = PBXFileReference; fileEncoding = 4; lastKnownFileType = sourcecode.c.objc; path = FLLoopScrollView.m; sourceTree = "<group>"; };
		A42EB5921F46D85C005B352B /* iCarousel.h */ = {isa = PBXFileReference; fileEncoding = 4; lastKnownFileType = sourcecode.c.h; path = iCarousel.h; sourceTree = "<group>"; };
		A42EB5931F46D85C005B352B /* iCarousel.m */ = {isa = PBXFileReference; fileEncoding = 4; lastKnownFileType = sourcecode.c.objc; path = iCarousel.m; sourceTree = "<group>"; };
		A42EB5971F46D8CA005B352B /* UIColor+Theme.h */ = {isa = PBXFileReference; fileEncoding = 4; lastKnownFileType = sourcecode.c.h; path = "UIColor+Theme.h"; sourceTree = "<group>"; };
		A42EB5981F46D8CA005B352B /* UIColor+Theme.m */ = {isa = PBXFileReference; fileEncoding = 4; lastKnownFileType = sourcecode.c.objc; path = "UIColor+Theme.m"; sourceTree = "<group>"; };
		A42EB59A1F46DAD9005B352B /* FLXScrollView.h */ = {isa = PBXFileReference; fileEncoding = 4; lastKnownFileType = sourcecode.c.h; path = FLXScrollView.h; sourceTree = "<group>"; };
		A42EB59B1F46DAD9005B352B /* FLXScrollView.m */ = {isa = PBXFileReference; fileEncoding = 4; lastKnownFileType = sourcecode.c.objc; path = FLXScrollView.m; sourceTree = "<group>"; };
		A46C80801F1F024100587427 /* FDGapLayoutGuide.h */ = {isa = PBXFileReference; fileEncoding = 4; lastKnownFileType = sourcecode.c.h; path = FDGapLayoutGuide.h; sourceTree = "<group>"; };
		A46C80811F1F024100587427 /* FDGapLayoutGuide.m */ = {isa = PBXFileReference; fileEncoding = 4; lastKnownFileType = sourcecode.c.objc; path = FDGapLayoutGuide.m; sourceTree = "<group>"; };
		A46C80821F1F024100587427 /* FDLayoutSpacer.h */ = {isa = PBXFileReference; fileEncoding = 4; lastKnownFileType = sourcecode.c.h; path = FDLayoutSpacer.h; sourceTree = "<group>"; };
		A46C80831F1F024100587427 /* FDLayoutSpacer.m */ = {isa = PBXFileReference; fileEncoding = 4; lastKnownFileType = sourcecode.c.objc; path = FDLayoutSpacer.m; sourceTree = "<group>"; };
		A46C80841F1F024100587427 /* FDStackView.h */ = {isa = PBXFileReference; fileEncoding = 4; lastKnownFileType = sourcecode.c.h; path = FDStackView.h; sourceTree = "<group>"; };
		A46C80851F1F024100587427 /* FDStackView.m */ = {isa = PBXFileReference; fileEncoding = 4; lastKnownFileType = sourcecode.c.objc; path = FDStackView.m; sourceTree = "<group>"; };
		A46C80861F1F024100587427 /* FDStackViewAlignmentLayoutArrangement.h */ = {isa = PBXFileReference; fileEncoding = 4; lastKnownFileType = sourcecode.c.h; path = FDStackViewAlignmentLayoutArrangement.h; sourceTree = "<group>"; };
		A46C80871F1F024100587427 /* FDStackViewAlignmentLayoutArrangement.m */ = {isa = PBXFileReference; fileEncoding = 4; lastKnownFileType = sourcecode.c.objc; path = FDStackViewAlignmentLayoutArrangement.m; sourceTree = "<group>"; };
		A46C80881F1F024100587427 /* FDStackViewDistributionLayoutArrangement.h */ = {isa = PBXFileReference; fileEncoding = 4; lastKnownFileType = sourcecode.c.h; path = FDStackViewDistributionLayoutArrangement.h; sourceTree = "<group>"; };
		A46C80891F1F024100587427 /* FDStackViewDistributionLayoutArrangement.m */ = {isa = PBXFileReference; fileEncoding = 4; lastKnownFileType = sourcecode.c.objc; path = FDStackViewDistributionLayoutArrangement.m; sourceTree = "<group>"; };
		A46C808A1F1F024100587427 /* FDStackViewExtensions.h */ = {isa = PBXFileReference; fileEncoding = 4; lastKnownFileType = sourcecode.c.h; path = FDStackViewExtensions.h; sourceTree = "<group>"; };
		A46C808B1F1F024100587427 /* FDStackViewExtensions.m */ = {isa = PBXFileReference; fileEncoding = 4; lastKnownFileType = sourcecode.c.objc; path = FDStackViewExtensions.m; sourceTree = "<group>"; };
		A46C808C1F1F024100587427 /* FDStackViewLayoutArrangement.h */ = {isa = PBXFileReference; fileEncoding = 4; lastKnownFileType = sourcecode.c.h; path = FDStackViewLayoutArrangement.h; sourceTree = "<group>"; };
		A46C808D1F1F024100587427 /* FDStackViewLayoutArrangement.m */ = {isa = PBXFileReference; fileEncoding = 4; lastKnownFileType = sourcecode.c.objc; path = FDStackViewLayoutArrangement.m; sourceTree = "<group>"; };
		A46C808E1F1F024100587427 /* FDTransformLayer.h */ = {isa = PBXFileReference; fileEncoding = 4; lastKnownFileType = sourcecode.c.h; path = FDTransformLayer.h; sourceTree = "<group>"; };
		A46C808F1F1F024100587427 /* FDTransformLayer.m */ = {isa = PBXFileReference; fileEncoding = 4; lastKnownFileType = sourcecode.c.objc; path = FDTransformLayer.m; sourceTree = "<group>"; };
		A48AE11F1F2218E1008CAD40 /* TPKeyboardAvoidingCollectionView.h */ = {isa = PBXFileReference; fileEncoding = 4; lastKnownFileType = sourcecode.c.h; path = TPKeyboardAvoidingCollectionView.h; sourceTree = "<group>"; };
		A48AE1201F2218E1008CAD40 /* TPKeyboardAvoidingCollectionView.m */ = {isa = PBXFileReference; fileEncoding = 4; lastKnownFileType = sourcecode.c.objc; path = TPKeyboardAvoidingCollectionView.m; sourceTree = "<group>"; };
		A48AE1211F2218E1008CAD40 /* TPKeyboardAvoidingScrollView.h */ = {isa = PBXFileReference; fileEncoding = 4; lastKnownFileType = sourcecode.c.h; path = TPKeyboardAvoidingScrollView.h; sourceTree = "<group>"; };
		A48AE1221F2218E1008CAD40 /* TPKeyboardAvoidingScrollView.m */ = {isa = PBXFileReference; fileEncoding = 4; lastKnownFileType = sourcecode.c.objc; path = TPKeyboardAvoidingScrollView.m; sourceTree = "<group>"; };
		A48AE1231F2218E1008CAD40 /* TPKeyboardAvoidingTableView.h */ = {isa = PBXFileReference; fileEncoding = 4; lastKnownFileType = sourcecode.c.h; path = TPKeyboardAvoidingTableView.h; sourceTree = "<group>"; };
		A48AE1241F2218E1008CAD40 /* TPKeyboardAvoidingTableView.m */ = {isa = PBXFileReference; fileEncoding = 4; lastKnownFileType = sourcecode.c.objc; path = TPKeyboardAvoidingTableView.m; sourceTree = "<group>"; };
		A48AE1251F2218E1008CAD40 /* UIScrollView+TPKeyboardAvoidingAdditions.h */ = {isa = PBXFileReference; fileEncoding = 4; lastKnownFileType = sourcecode.c.h; path = "UIScrollView+TPKeyboardAvoidingAdditions.h"; sourceTree = "<group>"; };
		A48AE1261F2218E1008CAD40 /* UIScrollView+TPKeyboardAvoidingAdditions.m */ = {isa = PBXFileReference; fileEncoding = 4; lastKnownFileType = sourcecode.c.objc; path = "UIScrollView+TPKeyboardAvoidingAdditions.m"; sourceTree = "<group>"; };
		BDC1B8303EED42A2B01B94B1 /* libPods-Masonry iOS Examples.a */ = {isa = PBXFileReference; explicitFileType = archive.ar; includeInIndex = 0; path = "libPods-Masonry iOS Examples.a"; sourceTree = BUILT_PRODUCTS_DIR; };
		DD175E68182639FB0099129A /* MASExampleUpdateView.h */ = {isa = PBXFileReference; fileEncoding = 4; lastKnownFileType = sourcecode.c.h; path = MASExampleUpdateView.h; sourceTree = "<group>"; };
		DD175E69182639FB0099129A /* MASExampleUpdateView.m */ = {isa = PBXFileReference; fileEncoding = 4; lastKnownFileType = sourcecode.c.objc; path = MASExampleUpdateView.m; sourceTree = "<group>"; };
		DD32C3FB18E8BFF6001F6AD2 /* MASExampleAttributeChainingView.h */ = {isa = PBXFileReference; fileEncoding = 4; lastKnownFileType = sourcecode.c.h; path = MASExampleAttributeChainingView.h; sourceTree = "<group>"; };
		DD32C3FC18E8BFF6001F6AD2 /* MASExampleAttributeChainingView.m */ = {isa = PBXFileReference; fileEncoding = 4; lastKnownFileType = sourcecode.c.objc; path = MASExampleAttributeChainingView.m; sourceTree = "<group>"; };
		DD52F227179CAD57005CD195 /* Masonry iOS Examples.app */ = {isa = PBXFileReference; explicitFileType = wrapper.application; includeInIndex = 0; path = "Masonry iOS Examples.app"; sourceTree = BUILT_PRODUCTS_DIR; };
		DD52F22A179CAD57005CD195 /* UIKit.framework */ = {isa = PBXFileReference; lastKnownFileType = wrapper.framework; name = UIKit.framework; path = System/Library/Frameworks/UIKit.framework; sourceTree = SDKROOT; };
		DD52F22C179CAD57005CD195 /* Foundation.framework */ = {isa = PBXFileReference; lastKnownFileType = wrapper.framework; name = Foundation.framework; path = System/Library/Frameworks/Foundation.framework; sourceTree = SDKROOT; };
		DD52F22E179CAD57005CD195 /* CoreGraphics.framework */ = {isa = PBXFileReference; lastKnownFileType = wrapper.framework; name = CoreGraphics.framework; path = System/Library/Frameworks/CoreGraphics.framework; sourceTree = SDKROOT; };
		DD52F232179CAD57005CD195 /* Masonry iOS Examples-Info.plist */ = {isa = PBXFileReference; lastKnownFileType = text.plist.xml; path = "Masonry iOS Examples-Info.plist"; sourceTree = "<group>"; };
		DD52F234179CAD57005CD195 /* en */ = {isa = PBXFileReference; lastKnownFileType = text.plist.strings; name = en; path = en.lproj/InfoPlist.strings; sourceTree = "<group>"; };
		DD52F236179CAD57005CD195 /* main.m */ = {isa = PBXFileReference; lastKnownFileType = sourcecode.c.objc; path = main.m; sourceTree = "<group>"; };
		DD52F238179CAD57005CD195 /* Masonry iOS Examples-Prefix.pch */ = {isa = PBXFileReference; lastKnownFileType = sourcecode.c.h; path = "Masonry iOS Examples-Prefix.pch"; sourceTree = "<group>"; };
		DD52F239179CAD57005CD195 /* MASAppDelegate.h */ = {isa = PBXFileReference; lastKnownFileType = sourcecode.c.h; path = MASAppDelegate.h; sourceTree = "<group>"; };
		DD52F23A179CAD57005CD195 /* MASAppDelegate.m */ = {isa = PBXFileReference; lastKnownFileType = sourcecode.c.objc; path = MASAppDelegate.m; sourceTree = "<group>"; };
		DD52F247179CADC0005CD195 /* MASExampleBasicView.h */ = {isa = PBXFileReference; fileEncoding = 4; lastKnownFileType = sourcecode.c.h; path = MASExampleBasicView.h; sourceTree = "<group>"; };
		DD52F248179CADC0005CD195 /* MASExampleBasicView.m */ = {isa = PBXFileReference; fileEncoding = 4; lastKnownFileType = sourcecode.c.objc; path = MASExampleBasicView.m; sourceTree = "<group>"; };
		DD52F249179CADC0005CD195 /* MASExampleConstantsView.h */ = {isa = PBXFileReference; fileEncoding = 4; lastKnownFileType = sourcecode.c.h; path = MASExampleConstantsView.h; sourceTree = "<group>"; };
		DD52F24A179CADC0005CD195 /* MASExampleConstantsView.m */ = {isa = PBXFileReference; fileEncoding = 4; lastKnownFileType = sourcecode.c.objc; path = MASExampleConstantsView.m; sourceTree = "<group>"; };
		DD52F24B179CADC0005CD195 /* MASExampleListViewController.h */ = {isa = PBXFileReference; fileEncoding = 4; lastKnownFileType = sourcecode.c.h; path = MASExampleListViewController.h; sourceTree = "<group>"; };
		DD52F24C179CADC0005CD195 /* MASExampleListViewController.m */ = {isa = PBXFileReference; fileEncoding = 4; lastKnownFileType = sourcecode.c.objc; path = MASExampleListViewController.m; sourceTree = "<group>"; };
		DD52F24D179CADC0005CD195 /* MASExampleSidesView.h */ = {isa = PBXFileReference; fileEncoding = 4; lastKnownFileType = sourcecode.c.h; path = MASExampleSidesView.h; sourceTree = "<group>"; };
		DD52F24E179CADC0005CD195 /* MASExampleSidesView.m */ = {isa = PBXFileReference; fileEncoding = 4; lastKnownFileType = sourcecode.c.objc; path = MASExampleSidesView.m; sourceTree = "<group>"; };
		DD52F24F179CADC0005CD195 /* MASExampleViewController.h */ = {isa = PBXFileReference; fileEncoding = 4; lastKnownFileType = sourcecode.c.h; path = MASExampleViewController.h; sourceTree = "<group>"; };
		DD52F250179CADC0005CD195 /* MASExampleViewController.m */ = {isa = PBXFileReference; fileEncoding = 4; lastKnownFileType = sourcecode.c.objc; path = MASExampleViewController.m; sourceTree = "<group>"; };
		DD653E481843E61500D1EC5A /* MASExampleLayoutGuideViewController.h */ = {isa = PBXFileReference; fileEncoding = 4; lastKnownFileType = sourcecode.c.h; path = MASExampleLayoutGuideViewController.h; sourceTree = "<group>"; };
		DD653E491843E61500D1EC5A /* MASExampleLayoutGuideViewController.m */ = {isa = PBXFileReference; fileEncoding = 4; lastKnownFileType = sourcecode.c.objc; path = MASExampleLayoutGuideViewController.m; sourceTree = "<group>"; };
		DD7CC17417ACE990007A469E /* MASExampleDebuggingView.h */ = {isa = PBXFileReference; fileEncoding = 4; lastKnownFileType = sourcecode.c.h; path = MASExampleDebuggingView.h; sourceTree = "<group>"; };
		DD7CC17517ACE990007A469E /* MASExampleDebuggingView.m */ = {isa = PBXFileReference; fileEncoding = 4; lastKnownFileType = sourcecode.c.objc; path = MASExampleDebuggingView.m; sourceTree = "<group>"; };
		DD9B4D33183CC980002BF408 /* MASExampleScrollView.h */ = {isa = PBXFileReference; fileEncoding = 4; lastKnownFileType = sourcecode.c.h; path = MASExampleScrollView.h; sourceTree = "<group>"; };
		DD9B4D34183CC980002BF408 /* MASExampleScrollView.m */ = {isa = PBXFileReference; fileEncoding = 4; lastKnownFileType = sourcecode.c.objc; path = MASExampleScrollView.m; sourceTree = "<group>"; };
		DDDF60CA181915E300BF7B8B /* MASExampleLabelView.h */ = {isa = PBXFileReference; fileEncoding = 4; lastKnownFileType = sourcecode.c.h; path = MASExampleLabelView.h; sourceTree = "<group>"; };
		DDDF60CB181915E300BF7B8B /* MASExampleLabelView.m */ = {isa = PBXFileReference; fileEncoding = 4; lastKnownFileType = sourcecode.c.objc; path = MASExampleLabelView.m; sourceTree = "<group>"; };
		DDF3875A179D648D00178773 /* MASExampleAnimatedView.h */ = {isa = PBXFileReference; fileEncoding = 4; lastKnownFileType = sourcecode.c.h; path = MASExampleAnimatedView.h; sourceTree = "<group>"; };
		DDF3875B179D648D00178773 /* MASExampleAnimatedView.m */ = {isa = PBXFileReference; fileEncoding = 4; lastKnownFileType = sourcecode.c.objc; path = MASExampleAnimatedView.m; sourceTree = "<group>"; };
/* End PBXFileReference section */

/* Begin PBXFrameworksBuildPhase section */
		DD52F224179CAD57005CD195 /* Frameworks */ = {
			isa = PBXFrameworksBuildPhase;
			buildActionMask = 2147483647;
			files = (
				DD52F22B179CAD57005CD195 /* UIKit.framework in Frameworks */,
				DD52F22D179CAD57005CD195 /* Foundation.framework in Frameworks */,
				DD52F22F179CAD57005CD195 /* CoreGraphics.framework in Frameworks */,
				6C87DADA5AB046D9A3181A65 /* libPods-Masonry iOS Examples.a in Frameworks */,
			);
			runOnlyForDeploymentPostprocessing = 0;
		};
/* End PBXFrameworksBuildPhase section */

/* Begin PBXGroup section */
		A42EB5851F46BA60005B352B /* MyView */ = {
			isa = PBXGroup;
			children = (
				A42EB58D1F46D85C005B352B /* loopBannerView */,
				A42EB5861F46BA8D005B352B /* FLXImageLabel.h */,
				A42EB5871F46BA8D005B352B /* FLXImageLabel.m */,
				A42EB5891F46C170005B352B /* FLXRowView.h */,
				A42EB58A1F46C170005B352B /* FLXRowView.m */,
				A42EB59A1F46DAD9005B352B /* FLXScrollView.h */,
				A42EB59B1F46DAD9005B352B /* FLXScrollView.m */,
			);
			path = MyView;
			sourceTree = "<group>";
		};
		A42EB58D1F46D85C005B352B /* loopBannerView */ = {
			isa = PBXGroup;
			children = (
				A42EB5971F46D8CA005B352B /* UIColor+Theme.h */,
				A42EB5981F46D8CA005B352B /* UIColor+Theme.m */,
				A42EB58E1F46D85C005B352B /* ADView.h */,
				A42EB58F1F46D85C005B352B /* ADView.m */,
				A42EB5901F46D85C005B352B /* FLLoopScrollView.h */,
				A42EB5911F46D85C005B352B /* FLLoopScrollView.m */,
				A42EB5921F46D85C005B352B /* iCarousel.h */,
				A42EB5931F46D85C005B352B /* iCarousel.m */,
			);
			path = loopBannerView;
			sourceTree = "<group>";
		};
		A46C807F1F1F024100587427 /* FDStackView */ = {
			isa = PBXGroup;
			children = (
				A46C80801F1F024100587427 /* FDGapLayoutGuide.h */,
				A46C80811F1F024100587427 /* FDGapLayoutGuide.m */,
				A46C80821F1F024100587427 /* FDLayoutSpacer.h */,
				A46C80831F1F024100587427 /* FDLayoutSpacer.m */,
				A46C80841F1F024100587427 /* FDStackView.h */,
				A46C80851F1F024100587427 /* FDStackView.m */,
				A46C80861F1F024100587427 /* FDStackViewAlignmentLayoutArrangement.h */,
				A46C80871F1F024100587427 /* FDStackViewAlignmentLayoutArrangement.m */,
				A46C80881F1F024100587427 /* FDStackViewDistributionLayoutArrangement.h */,
				A46C80891F1F024100587427 /* FDStackViewDistributionLayoutArrangement.m */,
				A46C808A1F1F024100587427 /* FDStackViewExtensions.h */,
				A46C808B1F1F024100587427 /* FDStackViewExtensions.m */,
				A46C808C1F1F024100587427 /* FDStackViewLayoutArrangement.h */,
				A46C808D1F1F024100587427 /* FDStackViewLayoutArrangement.m */,
				A46C808E1F1F024100587427 /* FDTransformLayer.h */,
				A46C808F1F1F024100587427 /* FDTransformLayer.m */,
			);
			path = FDStackView;
			sourceTree = "<group>";
		};
		A48AE11E1F2218E1008CAD40 /* TPKeyboardAvoiding */ = {
			isa = PBXGroup;
			children = (
				A48AE11F1F2218E1008CAD40 /* TPKeyboardAvoidingCollectionView.h */,
				A48AE1201F2218E1008CAD40 /* TPKeyboardAvoidingCollectionView.m */,
				A48AE1211F2218E1008CAD40 /* TPKeyboardAvoidingScrollView.h */,
				A48AE1221F2218E1008CAD40 /* TPKeyboardAvoidingScrollView.m */,
				A48AE1231F2218E1008CAD40 /* TPKeyboardAvoidingTableView.h */,
				A48AE1241F2218E1008CAD40 /* TPKeyboardAvoidingTableView.m */,
				A48AE1251F2218E1008CAD40 /* UIScrollView+TPKeyboardAvoidingAdditions.h */,
				A48AE1261F2218E1008CAD40 /* UIScrollView+TPKeyboardAvoidingAdditions.m */,
			);
			path = TPKeyboardAvoiding;
			sourceTree = "<group>";
		};
		DD52F21E179CAD57005CD195 = {
			isa = PBXGroup;
			children = (
				A42EB5851F46BA60005B352B /* MyView */,
				114413081924B6EE008E702E /* Default-568h@2x.png */,
				A42EB5831F46B3ED005B352B /* homepage_icon_fast@3x.png */,
				A42EB5811F46B3E8005B352B /* homepage_icon_fast@2x.png */,
				DD52F230179CAD57005CD195 /* Masonry iOS Examples */,
				DD52F229179CAD57005CD195 /* Frameworks */,
				DD52F228179CAD57005CD195 /* Products */,
				DF14AF6879B23556F891E1F7 /* Pods */,
			);
			sourceTree = "<group>";
		};
		DD52F228179CAD57005CD195 /* Products */ = {
			isa = PBXGroup;
			children = (
				DD52F227179CAD57005CD195 /* Masonry iOS Examples.app */,
			);
			name = Products;
			sourceTree = "<group>";
		};
		DD52F229179CAD57005CD195 /* Frameworks */ = {
			isa = PBXGroup;
			children = (
				DD52F22A179CAD57005CD195 /* UIKit.framework */,
				DD52F22C179CAD57005CD195 /* Foundation.framework */,
				DD52F22E179CAD57005CD195 /* CoreGraphics.framework */,
				BDC1B8303EED42A2B01B94B1 /* libPods-Masonry iOS Examples.a */,
			);
			name = Frameworks;
			sourceTree = "<group>";
		};
		DD52F230179CAD57005CD195 /* Masonry iOS Examples */ = {
			isa = PBXGroup;
			children = (
				A48AE11E1F2218E1008CAD40 /* TPKeyboardAvoiding */,
				A46C807F1F1F024100587427 /* FDStackView */,
				DD52F239179CAD57005CD195 /* MASAppDelegate.h */,
				DD52F23A179CAD57005CD195 /* MASAppDelegate.m */,
				DD52F257179CADCB005CD195 /* Controllers */,
				DD52F256179CADC4005CD195 /* Views */,
				3C02224819D0C4EC00507321 /* Images.xcassets */,
				DD52F231179CAD57005CD195 /* Supporting Files */,
			);
			path = "Masonry iOS Examples";
			sourceTree = "<group>";
		};
		DD52F231179CAD57005CD195 /* Supporting Files */ = {
			isa = PBXGroup;
			children = (
				DD52F232179CAD57005CD195 /* Masonry iOS Examples-Info.plist */,
				DD52F233179CAD57005CD195 /* InfoPlist.strings */,
				DD52F236179CAD57005CD195 /* main.m */,
				DD52F238179CAD57005CD195 /* Masonry iOS Examples-Prefix.pch */,
			);
			name = "Supporting Files";
			sourceTree = "<group>";
		};
		DD52F256179CADC4005CD195 /* Views */ = {
			isa = PBXGroup;
			children = (
				DD52F247179CADC0005CD195 /* MASExampleBasicView.h */,
				DD52F248179CADC0005CD195 /* MASExampleBasicView.m */,
				DD52F249179CADC0005CD195 /* MASExampleConstantsView.h */,
				DD52F24A179CADC0005CD195 /* MASExampleConstantsView.m */,
				DD52F24D179CADC0005CD195 /* MASExampleSidesView.h */,
				DD52F24E179CADC0005CD195 /* MASExampleSidesView.m */,
				27A27D441A6CF0C400D34F52 /* MASExampleAspectFitView.h */,
				27A27D451A6CF0C400D34F52 /* MASExampleAspectFitView.m */,
				DDF3875A179D648D00178773 /* MASExampleAnimatedView.h */,
				DDF3875B179D648D00178773 /* MASExampleAnimatedView.m */,
				DD7CC17417ACE990007A469E /* MASExampleDebuggingView.h */,
				DD7CC17517ACE990007A469E /* MASExampleDebuggingView.m */,
				DDDF60CA181915E300BF7B8B /* MASExampleLabelView.h */,
				DDDF60CB181915E300BF7B8B /* MASExampleLabelView.m */,
				DD175E68182639FB0099129A /* MASExampleUpdateView.h */,
				DD175E69182639FB0099129A /* MASExampleUpdateView.m */,
				4BEB55B41957394E008C862B /* MASExampleRemakeView.h */,
				4BEB55B51957394E008C862B /* MASExampleRemakeView.m */,
				DD9B4D33183CC980002BF408 /* MASExampleScrollView.h */,
				DD9B4D34183CC980002BF408 /* MASExampleScrollView.m */,
				3DB1CAD3184538E200E91FC5 /* MASExampleArrayView.h */,
				3DB1CAD4184538E200E91FC5 /* MASExampleArrayView.m */,
				DD32C3FB18E8BFF6001F6AD2 /* MASExampleAttributeChainingView.h */,
				DD32C3FC18E8BFF6001F6AD2 /* MASExampleAttributeChainingView.m */,
				44C0E6AD1A9B9C55003C70CF /* MASExampleMarginView.h */,
				44C0E6AE1A9B9C55003C70CF /* MASExampleMarginView.m */,
				00FC4A301B7359D700DCA999 /* MASExampleDistributeView.h */,
				00FC4A311B7359D700DCA999 /* MASExampleDistributeView.m */,
			);
			name = Views;
			sourceTree = "<group>";
		};
		DD52F257179CADCB005CD195 /* Controllers */ = {
			isa = PBXGroup;
			children = (
				DD52F24B179CADC0005CD195 /* MASExampleListViewController.h */,
				DD52F24C179CADC0005CD195 /* MASExampleListViewController.m */,
				DD52F24F179CADC0005CD195 /* MASExampleViewController.h */,
				DD52F250179CADC0005CD195 /* MASExampleViewController.m */,
				DD653E481843E61500D1EC5A /* MASExampleLayoutGuideViewController.h */,
				DD653E491843E61500D1EC5A /* MASExampleLayoutGuideViewController.m */,
			);
			name = Controllers;
			sourceTree = "<group>";
		};
		DF14AF6879B23556F891E1F7 /* Pods */ = {
			isa = PBXGroup;
			children = (
				50B25D0621957AEB87C3FCC2 /* Pods-Masonry iOS Examples.debug.xcconfig */,
				321AA59CF7B045B6D503D2E5 /* Pods-Masonry iOS Examples.release.xcconfig */,
			);
			name = Pods;
			sourceTree = "<group>";
		};
/* End PBXGroup section */

/* Begin PBXNativeTarget section */
		DD52F226179CAD57005CD195 /* Masonry iOS Examples */ = {
			isa = PBXNativeTarget;
			buildConfigurationList = DD52F244179CAD57005CD195 /* Build configuration list for PBXNativeTarget "Masonry iOS Examples" */;
			buildPhases = (
				621F6A1FCAEF44F880874959 /* [CP] Check Pods Manifest.lock */,
				DD52F223179CAD57005CD195 /* Sources */,
				DD52F224179CAD57005CD195 /* Frameworks */,
				DD52F225179CAD57005CD195 /* Resources */,
				5C6517785DFF4287BCDF458D /* [CP] Copy Pods Resources */,
				9A6DE33A61510E8F9549C5EE /* [CP] Embed Pods Frameworks */,
			);
			buildRules = (
			);
			dependencies = (
			);
			name = "Masonry iOS Examples";
			productName = "Masonry iOS Examples";
			productReference = DD52F227179CAD57005CD195 /* Masonry iOS Examples.app */;
			productType = "com.apple.product-type.application";
		};
/* End PBXNativeTarget section */

/* Begin PBXProject section */
		DD52F21F179CAD57005CD195 /* Project object */ = {
			isa = PBXProject;
			attributes = {
				CLASSPREFIX = MAS;
				LastUpgradeCheck = 0730;
				ORGANIZATIONNAME = "Jonas Budelmann";
			};
			buildConfigurationList = DD52F222179CAD57005CD195 /* Build configuration list for PBXProject "Masonry iOS Examples" */;
			compatibilityVersion = "Xcode 3.2";
			developmentRegion = English;
			hasScannedForEncodings = 0;
			knownRegions = (
				en,
			);
			mainGroup = DD52F21E179CAD57005CD195;
			productRefGroup = DD52F228179CAD57005CD195 /* Products */;
			projectDirPath = "";
			projectRoot = "";
			targets = (
				DD52F226179CAD57005CD195 /* Masonry iOS Examples */,
			);
		};
/* End PBXProject section */

/* Begin PBXResourcesBuildPhase section */
		DD52F225179CAD57005CD195 /* Resources */ = {
			isa = PBXResourcesBuildPhase;
			buildActionMask = 2147483647;
			files = (
				3C02224919D0C4EC00507321 /* Images.xcassets in Resources */,
				A42EB5841F46B3ED005B352B /* homepage_icon_fast@3x.png in Resources */,
				A42EB5821F46B3E8005B352B /* homepage_icon_fast@2x.png in Resources */,
				DD52F235179CAD57005CD195 /* InfoPlist.strings in Resources */,
				114413091924B6EE008E702E /* Default-568h@2x.png in Resources */,
			);
			runOnlyForDeploymentPostprocessing = 0;
		};
/* End PBXResourcesBuildPhase section */

/* Begin PBXShellScriptBuildPhase section */
		5C6517785DFF4287BCDF458D /* [CP] Copy Pods Resources */ = {
			isa = PBXShellScriptBuildPhase;
			buildActionMask = 2147483647;
			files = (
			);
			inputPaths = (
			);
			name = "[CP] Copy Pods Resources";
			outputPaths = (
			);
			runOnlyForDeploymentPostprocessing = 0;
			shellPath = /bin/sh;
			shellScript = "\"${SRCROOT}/../Pods/Target Support Files/Pods-Masonry iOS Examples/Pods-Masonry iOS Examples-resources.sh\"\n";
			showEnvVarsInLog = 0;
		};
		621F6A1FCAEF44F880874959 /* [CP] Check Pods Manifest.lock */ = {
			isa = PBXShellScriptBuildPhase;
			buildActionMask = 2147483647;
			files = (
			);
			inputPaths = (
			);
			name = "[CP] Check Pods Manifest.lock";
			outputPaths = (
			);
			runOnlyForDeploymentPostprocessing = 0;
			shellPath = /bin/sh;
			shellScript = "diff \"${PODS_ROOT}/../Podfile.lock\" \"${PODS_ROOT}/Manifest.lock\" > /dev/null\nif [[ $? != 0 ]] ; then\n    cat << EOM\nerror: The sandbox is not in sync with the Podfile.lock. Run 'pod install' or update your CocoaPods installation.\nEOM\n    exit 1\nfi\n";
			showEnvVarsInLog = 0;
		};
		9A6DE33A61510E8F9549C5EE /* [CP] Embed Pods Frameworks */ = {
			isa = PBXShellScriptBuildPhase;
			buildActionMask = 2147483647;
			files = (
			);
			inputPaths = (
			);
			name = "[CP] Embed Pods Frameworks";
			outputPaths = (
			);
			runOnlyForDeploymentPostprocessing = 0;
			shellPath = /bin/sh;
			shellScript = "\"${SRCROOT}/../Pods/Target Support Files/Pods-Masonry iOS Examples/Pods-Masonry iOS Examples-frameworks.sh\"\n";
			showEnvVarsInLog = 0;
		};
/* End PBXShellScriptBuildPhase section */

/* Begin PBXSourcesBuildPhase section */
		DD52F223179CAD57005CD195 /* Sources */ = {
			isa = PBXSourcesBuildPhase;
			buildActionMask = 2147483647;
			files = (
				00FC4A321B7359D700DCA999 /* MASExampleDistributeView.m in Sources */,
				DD175E6A182639FB0099129A /* MASExampleUpdateView.m in Sources */,
				A46C80961F1F024100587427 /* FDStackViewLayoutArrangement.m in Sources */,
				DD52F237179CAD57005CD195 /* main.m in Sources */,
				A46C80931F1F024100587427 /* FDStackViewAlignmentLayoutArrangement.m in Sources */,
				A46C80921F1F024100587427 /* FDStackView.m in Sources */,
				A42EB5991F46D8CA005B352B /* UIColor+Theme.m in Sources */,
				A48AE1271F2218E1008CAD40 /* TPKeyboardAvoidingCollectionView.m in Sources */,
				3DB1CAD5184538E200E91FC5 /* MASExampleArrayView.m in Sources */,
				A46C80911F1F024100587427 /* FDLayoutSpacer.m in Sources */,
				A48AE1281F2218E1008CAD40 /* TPKeyboardAvoidingScrollView.m in Sources */,
				A46C80951F1F024100587427 /* FDStackViewExtensions.m in Sources */,
				DD52F23B179CAD57005CD195 /* MASAppDelegate.m in Sources */,
				DD52F251179CADC0005CD195 /* MASExampleBasicView.m in Sources */,
				44C0E6AF1A9B9C55003C70CF /* MASExampleMarginView.m in Sources */,
				DD653E4A1843E61500D1EC5A /* MASExampleLayoutGuideViewController.m in Sources */,
				A42EB5941F46D85C005B352B /* ADView.m in Sources */,
				DDDF60CC181915E300BF7B8B /* MASExampleLabelView.m in Sources */,
				27A27D461A6CF0C400D34F52 /* MASExampleAspectFitView.m in Sources */,
				DD52F252179CADC0005CD195 /* MASExampleConstantsView.m in Sources */,
				A42EB59C1F46DAD9005B352B /* FLXScrollView.m in Sources */,
				DD52F253179CADC0005CD195 /* MASExampleListViewController.m in Sources */,
				DD52F254179CADC0005CD195 /* MASExampleSidesView.m in Sources */,
				A42EB5961F46D85C005B352B /* iCarousel.m in Sources */,
				DD32C3FD18E8BFF6001F6AD2 /* MASExampleAttributeChainingView.m in Sources */,
				A48AE1291F2218E1008CAD40 /* TPKeyboardAvoidingTableView.m in Sources */,
				A46C80971F1F024100587427 /* FDTransformLayer.m in Sources */,
				A42EB5881F46BA8D005B352B /* FLXImageLabel.m in Sources */,
				DD52F255179CADC0005CD195 /* MASExampleViewController.m in Sources */,
				A46C80941F1F024100587427 /* FDStackViewDistributionLayoutArrangement.m in Sources */,
				A42EB5951F46D85C005B352B /* FLLoopScrollView.m in Sources */,
				A46C80901F1F024100587427 /* FDGapLayoutGuide.m in Sources */,
				DDF3875C179D648D00178773 /* MASExampleAnimatedView.m in Sources */,
				A48AE12A1F2218E1008CAD40 /* UIScrollView+TPKeyboardAvoidingAdditions.m in Sources */,
				DD7CC17617ACE990007A469E /* MASExampleDebuggingView.m in Sources */,
				A42EB58B1F46C170005B352B /* FLXRowView.m in Sources */,
				4BEB55B61957394E008C862B /* MASExampleRemakeView.m in Sources */,
				DD9B4D35183CC980002BF408 /* MASExampleScrollView.m in Sources */,
			);
			runOnlyForDeploymentPostprocessing = 0;
		};
/* End PBXSourcesBuildPhase section */

/* Begin PBXVariantGroup section */
		DD52F233179CAD57005CD195 /* InfoPlist.strings */ = {
			isa = PBXVariantGroup;
			children = (
				DD52F234179CAD57005CD195 /* en */,
			);
			name = InfoPlist.strings;
			sourceTree = "<group>";
		};
/* End PBXVariantGroup section */

/* Begin XCBuildConfiguration section */
		DD52F242179CAD57005CD195 /* Debug */ = {
			isa = XCBuildConfiguration;
			buildSettings = {
				ALWAYS_SEARCH_USER_PATHS = YES;
				CLANG_CXX_LANGUAGE_STANDARD = "gnu++0x";
				CLANG_CXX_LIBRARY = "libc++";
				CLANG_ENABLE_OBJC_ARC = YES;
				CLANG_WARN_CONSTANT_CONVERSION = YES;
				CLANG_WARN_EMPTY_BODY = YES;
				CLANG_WARN_ENUM_CONVERSION = YES;
				CLANG_WARN_INT_CONVERSION = YES;
				CLANG_WARN__DUPLICATE_METHOD_MATCH = YES;
				"CODE_SIGN_IDENTITY[sdk=iphoneos*]" = "iPhone Developer";
				COPY_PHASE_STRIP = NO;
				ENABLE_TESTABILITY = YES;
				GCC_C_LANGUAGE_STANDARD = gnu99;
				GCC_DYNAMIC_NO_PIC = NO;
				GCC_OPTIMIZATION_LEVEL = 0;
				GCC_PREPROCESSOR_DEFINITIONS = (
					"DEBUG=1",
					"$(inherited)",
				);
				GCC_SYMBOLS_PRIVATE_EXTERN = NO;
				GCC_WARN_ABOUT_RETURN_TYPE = YES;
				GCC_WARN_UNINITIALIZED_AUTOS = YES;
				GCC_WARN_UNUSED_VARIABLE = YES;
				IPHONEOS_DEPLOYMENT_TARGET = 6.1;
				ONLY_ACTIVE_ARCH = YES;
				SDKROOT = iphoneos;
				TARGETED_DEVICE_FAMILY = "1,2";
			};
			name = Debug;
		};
		DD52F243179CAD57005CD195 /* Release */ = {
			isa = XCBuildConfiguration;
			buildSettings = {
				ALWAYS_SEARCH_USER_PATHS = YES;
				CLANG_CXX_LANGUAGE_STANDARD = "gnu++0x";
				CLANG_CXX_LIBRARY = "libc++";
				CLANG_ENABLE_OBJC_ARC = YES;
				CLANG_WARN_CONSTANT_CONVERSION = YES;
				CLANG_WARN_EMPTY_BODY = YES;
				CLANG_WARN_ENUM_CONVERSION = YES;
				CLANG_WARN_INT_CONVERSION = YES;
				CLANG_WARN__DUPLICATE_METHOD_MATCH = YES;
				"CODE_SIGN_IDENTITY[sdk=iphoneos*]" = "iPhone Developer";
				COPY_PHASE_STRIP = YES;
				GCC_C_LANGUAGE_STANDARD = gnu99;
				GCC_WARN_ABOUT_RETURN_TYPE = YES;
				GCC_WARN_UNINITIALIZED_AUTOS = YES;
				GCC_WARN_UNUSED_VARIABLE = YES;
				IPHONEOS_DEPLOYMENT_TARGET = 6.1;
				OTHER_CFLAGS = "-DNS_BLOCK_ASSERTIONS=1";
				SDKROOT = iphoneos;
				TARGETED_DEVICE_FAMILY = "1,2";
				VALIDATE_PRODUCT = YES;
			};
			name = Release;
		};
		DD52F245179CAD57005CD195 /* Debug */ = {
			isa = XCBuildConfiguration;
			baseConfigurationReference = 50B25D0621957AEB87C3FCC2 /* Pods-Masonry iOS Examples.debug.xcconfig */;
			buildSettings = {
				ASSETCATALOG_COMPILER_LAUNCHIMAGE_NAME = LaunchImage;
				GCC_PRECOMPILE_PREFIX_HEADER = YES;
				GCC_PREFIX_HEADER = "Masonry iOS Examples/Masonry iOS Examples-Prefix.pch";
				INFOPLIST_FILE = "Masonry iOS Examples/Masonry iOS Examples-Info.plist";
				IPHONEOS_DEPLOYMENT_TARGET = 8.0;
				PRODUCT_BUNDLE_IDENTIFIER = "com.cloudling.${PRODUCT_NAME:rfc1034identifier}";
				PRODUCT_NAME = "Masonry iOS Examples";
				WRAPPER_EXTENSION = app;
			};
			name = Debug;
		};
		DD52F246179CAD57005CD195 /* Release */ = {
			isa = XCBuildConfiguration;
			baseConfigurationReference = 321AA59CF7B045B6D503D2E5 /* Pods-Masonry iOS Examples.release.xcconfig */;
			buildSettings = {
				ASSETCATALOG_COMPILER_LAUNCHIMAGE_NAME = LaunchImage;
				GCC_PRECOMPILE_PREFIX_HEADER = YES;
				GCC_PREFIX_HEADER = "Masonry iOS Examples/Masonry iOS Examples-Prefix.pch";
				INFOPLIST_FILE = "Masonry iOS Examples/Masonry iOS Examples-Info.plist";
				IPHONEOS_DEPLOYMENT_TARGET = 8.0;
				PRODUCT_BUNDLE_IDENTIFIER = "com.cloudling.${PRODUCT_NAME:rfc1034identifier}";
				PRODUCT_NAME = "Masonry iOS Examples";
				WRAPPER_EXTENSION = app;
			};
			name = Release;
		};
/* End XCBuildConfiguration section */

/* Begin XCConfigurationList section */
		DD52F222179CAD57005CD195 /* Build configuration list for PBXProject "Masonry iOS Examples" */ = {
			isa = XCConfigurationList;
			buildConfigurations = (
				DD52F242179CAD57005CD195 /* Debug */,
				DD52F243179CAD57005CD195 /* Release */,
			);
			defaultConfigurationIsVisible = 0;
			defaultConfigurationName = Release;
		};
		DD52F244179CAD57005CD195 /* Build configuration list for PBXNativeTarget "Masonry iOS Examples" */ = {
			isa = XCConfigurationList;
			buildConfigurations = (
				DD52F245179CAD57005CD195 /* Debug */,
				DD52F246179CAD57005CD195 /* Release */,
			);
			defaultConfigurationIsVisible = 0;
			defaultConfigurationName = Release;
		};
/* End XCConfigurationList section */
	};
	rootObject = DD52F21F179CAD57005CD195 /* Project object */;
}
